# This file is automatically @generated by Cargo.
# It is not intended for manual editing.
version = 4

[[package]]
name = "sentencepiece-rs"
version = "0.2.2"
source = "registry+https://github.com/rust-lang/crates.io-index"
checksum = "6bc4483945bfd66b8727ed59005af1543d3d966ca92f9bc065bfef532de1d7e8"

[[package]]
name = "tokdiff"
version = "0.0.0"
dependencies = [
 "sentencepiece-rs",
]
